
Microsoft Visual Studio Solution File, Format Version 12.00
# Visual Studio 15
VisualStudioVersion = 15.0.28307.421
MinimumVisualStudioVersion = 10.0.40219.1
Project("{FAE04EC0-301F-11D3-BF4B-00C04F79EFBC}") = "UnibrewProject", "UnibrewProject\UnibrewProject.csproj", "{B51244FE-CADB-497D-B2A0-78AB4FF3751A}"
EndProject
Project("{FAE04EC0-301F-11D3-BF4B-00C04F79EFBC}") = "UnibrewREST", "UnibrewREST\UnibrewREST.csproj", "{7219C2D8-D433-4D73-87C8-62C8041229A4}"
EndProject
Project("{FAE04EC0-301F-11D3-BF4B-00C04F79EFBC}") = "UnibrewRESTTests", "UnibrewRESTTests\UnibrewRESTTests.csproj", "{7516B2BB-D9AD-40F8-90AA-388B3D5A2FEA}"
EndProject
Project("{FAE04EC0-301F-11D3-BF4B-00C04F79EFBC}") = "UnitTestProject1", "UnitTestProject1\UnitTestProject1.csproj", "{85A20E06-6823-4267-A670-C41EED02D390}"
EndProject
Global
	GlobalSection(SolutionConfigurationPlatforms) = preSolution
		Debug|Any CPU = Debug|Any CPU
		Debug|ARM = Debug|ARM
		Debug|ARM64 = Debug|ARM64
		Debug|x64 = Debug|x64
		Debug|x86 = Debug|x86
		Release|Any CPU = Release|Any CPU
		Release|ARM = Release|ARM
		Release|ARM64 = Release|ARM64
		Release|x64 = Release|x64
		Release|x86 = Release|x86
	EndGlobalSection
	GlobalSection(ProjectConfigurationPlatforms) = postSolution
		{B51244FE-CADB-497D-B2A0-78AB4FF3751A}.Debug|Any CPU.ActiveCfg = Debug|x86
		{B51244FE-CADB-497D-B2A0-78AB4FF3751A}.Debug|ARM.ActiveCfg = Debug|ARM
		{B51244FE-CADB-497D-B2A0-78AB4FF3751A}.Debug|ARM.Build.0 = Debug|ARM
		{B51244FE-CADB-497D-B2A0-78AB4FF3751A}.Debug|ARM.Deploy.0 = Debug|ARM
		{B51244FE-CADB-497D-B2A0-78AB4FF3751A}.Debug|ARM64.ActiveCfg = Debug|ARM64
		{B51244FE-CADB-497D-B2A0-78AB4FF3751A}.Debug|ARM64.Build.0 = Debug|ARM64
		{B51244FE-CADB-497D-B2A0-78AB4FF3751A}.Debug|ARM64.Deploy.0 = Debug|ARM64
		{B51244FE-CADB-497D-B2A0-78AB4FF3751A}.Debug|x64.ActiveCfg = Debug|x64
		{B51244FE-CADB-497D-B2A0-78AB4FF3751A}.Debug|x64.Build.0 = Debug|x64
		{B51244FE-CADB-497D-B2A0-78AB4FF3751A}.Debug|x64.Deploy.0 = Debug|x64
		{B51244FE-CADB-497D-B2A0-78AB4FF3751A}.Debug|x86.ActiveCfg = Debug|x86
		{B51244FE-CADB-497D-B2A0-78AB4FF3751A}.Debug|x86.Build.0 = Debug|x86
		{B51244FE-CADB-497D-B2A0-78AB4FF3751A}.Debug|x86.Deploy.0 = Debug|x86
		{B51244FE-CADB-497D-B2A0-78AB4FF3751A}.Release|Any CPU.ActiveCfg = Release|x86
		{B51244FE-CADB-497D-B2A0-78AB4FF3751A}.Release|ARM.ActiveCfg = Release|ARM
		{B51244FE-CADB-497D-B2A0-78AB4FF3751A}.Release|ARM.Build.0 = Release|ARM
		{B51244FE-CADB-497D-B2A0-78AB4FF3751A}.Release|ARM.Deploy.0 = Release|ARM
		{B51244FE-CADB-497D-B2A0-78AB4FF3751A}.Release|ARM64.ActiveCfg = Release|ARM64
		{B51244FE-CADB-497D-B2A0-78AB4FF3751A}.Release|ARM64.Build.0 = Release|ARM64
		{B51244FE-CADB-497D-B2A0-78AB4FF3751A}.Release|ARM64.Deploy.0 = Release|ARM64
		{B51244FE-CADB-497D-B2A0-78AB4FF3751A}.Release|x64.ActiveCfg = Release|x64
		{B51244FE-CADB-497D-B2A0-78AB4FF3751A}.Release|x64.Build.0 = Release|x64
		{B51244FE-CADB-497D-B2A0-78AB4FF3751A}.Release|x64.Deploy.0 = Release|x64
		{B51244FE-CADB-497D-B2A0-78AB4FF3751A}.Release|x86.ActiveCfg = Release|x86
		{B51244FE-CADB-497D-B2A0-78AB4FF3751A}.Release|x86.Build.0 = Release|x86
		{B51244FE-CADB-497D-B2A0-78AB4FF3751A}.Release|x86.Deploy.0 = Release|x86
		{7219C2D8-D433-4D73-87C8-62C8041229A4}.Debug|Any CPU.ActiveCfg = Debug|Any CPU
		{7219C2D8-D433-4D73-87C8-62C8041229A4}.Debug|Any CPU.Build.0 = Debug|Any CPU
		{7219C2D8-D433-4D73-87C8-62C8041229A4}.Debug|ARM.ActiveCfg = Debug|Any CPU
		{7219C2D8-D433-4D73-87C8-62C8041229A4}.Debug|ARM.Build.0 = Debug|Any CPU
		{7219C2D8-D433-4D73-87C8-62C8041229A4}.Debug|ARM64.ActiveCfg = Debug|Any CPU
		{7219C2D8-D433-4D73-87C8-62C8041229A4}.Debug|ARM64.Build.0 = Debug|Any CPU
		{7219C2D8-D433-4D73-87C8-62C8041229A4}.Debug|x64.ActiveCfg = Debug|Any CPU
		{7219C2D8-D433-4D73-87C8-62C8041229A4}.Debug|x64.Build.0 = Debug|Any CPU
		{7219C2D8-D433-4D73-87C8-62C8041229A4}.Debug|x86.ActiveCfg = Debug|Any CPU
		{7219C2D8-D433-4D73-87C8-62C8041229A4}.Debug|x86.Build.0 = Debug|Any CPU
		{7219C2D8-D433-4D73-87C8-62C8041229A4}.Release|Any CPU.ActiveCfg = Release|Any CPU
		{7219C2D8-D433-4D73-87C8-62C8041229A4}.Release|Any CPU.Build.0 = Release|Any CPU
		{7219C2D8-D433-4D73-87C8-62C8041229A4}.Release|ARM.ActiveCfg = Release|Any CPU
		{7219C2D8-D433-4D73-87C8-62C8041229A4}.Release|ARM.Build.0 = Release|Any CPU
		{7219C2D8-D433-4D73-87C8-62C8041229A4}.Release|ARM64.ActiveCfg = Release|Any CPU
		{7219C2D8-D433-4D73-87C8-62C8041229A4}.Release|ARM64.Build.0 = Release|Any CPU
		{7219C2D8-D433-4D73-87C8-62C8041229A4}.Release|x64.ActiveCfg = Release|Any CPU
		{7219C2D8-D433-4D73-87C8-62C8041229A4}.Release|x64.Build.0 = Release|Any CPU
		{7219C2D8-D433-4D73-87C8-62C8041229A4}.Release|x86.ActiveCfg = Release|Any CPU
		{7219C2D8-D433-4D73-87C8-62C8041229A4}.Release|x86.Build.0 = Release|Any CPU
		{7516B2BB-D9AD-40F8-90AA-388B3D5A2FEA}.Debug|Any CPU.ActiveCfg = Debug|Any CPU
		{7516B2BB-D9AD-40F8-90AA-388B3D5A2FEA}.Debug|Any CPU.Build.0 = Debug|Any CPU
		{7516B2BB-D9AD-40F8-90AA-388B3D5A2FEA}.Debug|ARM.ActiveCfg = Debug|Any CPU
		{7516B2BB-D9AD-40F8-90AA-388B3D5A2FEA}.Debug|ARM.Build.0 = Debug|Any CPU
		{7516B2BB-D9AD-40F8-90AA-388B3D5A2FEA}.Debug|ARM64.ActiveCfg = Debug|Any CPU
		{7516B2BB-D9AD-40F8-90AA-388B3D5A2FEA}.Debug|ARM64.Build.0 = Debug|Any CPU
		{7516B2BB-D9AD-40F8-90AA-388B3D5A2FEA}.Debug|x64.ActiveCfg = Debug|Any CPU
		{7516B2BB-D9AD-40F8-90AA-388B3D5A2FEA}.Debug|x64.Build.0 = Debug|Any CPU
		{7516B2BB-D9AD-40F8-90AA-388B3D5A2FEA}.Debug|x86.ActiveCfg = Debug|Any CPU
		{7516B2BB-D9AD-40F8-90AA-388B3D5A2FEA}.Debug|x86.Build.0 = Debug|Any CPU
		{7516B2BB-D9AD-40F8-90AA-388B3D5A2FEA}.Release|Any CPU.ActiveCfg = Release|Any CPU
		{7516B2BB-D9AD-40F8-90AA-388B3D5A2FEA}.Release|Any CPU.Build.0 = Release|Any CPU
		{7516B2BB-D9AD-40F8-90AA-388B3D5A2FEA}.Release|ARM.ActiveCfg = Release|Any CPU
		{7516B2BB-D9AD-40F8-90AA-388B3D5A2FEA}.Release|ARM.Build.0 = Release|Any CPU
		{7516B2BB-D9AD-40F8-90AA-388B3D5A2FEA}.Release|ARM64.ActiveCfg = Release|Any CPU
		{7516B2BB-D9AD-40F8-90AA-388B3D5A2FEA}.Release|ARM64.Build.0 = Release|Any CPU
		{7516B2BB-D9AD-40F8-90AA-388B3D5A2FEA}.Release|x64.ActiveCfg = Release|Any CPU
		{7516B2BB-D9AD-40F8-90AA-388B3D5A2FEA}.Release|x64.Build.0 = Release|Any CPU
		{7516B2BB-D9AD-40F8-90AA-388B3D5A2FEA}.Release|x86.ActiveCfg = Release|Any CPU
		{7516B2BB-D9AD-40F8-90AA-388B3D5A2FEA}.Release|x86.Build.0 = Release|Any CPU
		{85A20E06-6823-4267-A670-C41EED02D390}.Debug|Any CPU.ActiveCfg = Debug|x86
		{85A20E06-6823-4267-A670-C41EED02D390}.Debug|ARM.ActiveCfg = Debug|ARM
		{85A20E06-6823-4267-A670-C41EED02D390}.Debug|ARM.Build.0 = Debug|ARM
		{85A20E06-6823-4267-A670-C41EED02D390}.Debug|ARM.Deploy.0 = Debug|ARM
		{85A20E06-6823-4267-A670-C41EED02D390}.Debug|ARM64.ActiveCfg = Debug|ARM64
		{85A20E06-6823-4267-A670-C41EED02D390}.Debug|ARM64.Build.0 = Debug|ARM64
		{85A20E06-6823-4267-A670-C41EED02D390}.Debug|ARM64.Deploy.0 = Debug|ARM64
		{85A20E06-6823-4267-A670-C41EED02D390}.Debug|x64.ActiveCfg = Debug|x64
		{85A20E06-6823-4267-A670-C41EED02D390}.Debug|x64.Build.0 = Debug|x64
		{85A20E06-6823-4267-A670-C41EED02D390}.Debug|x64.Deploy.0 = Debug|x64
		{85A20E06-6823-4267-A670-C41EED02D390}.Debug|x86.ActiveCfg = Debug|x86
		{85A20E06-6823-4267-A670-C41EED02D390}.Debug|x86.Build.0 = Debug|x86
		{85A20E06-6823-4267-A670-C41EED02D390}.Release|Any CPU.ActiveCfg = Release|x86
		{85A20E06-6823-4267-A670-C41EED02D390}.Release|ARM.ActiveCfg = Release|ARM
		{85A20E06-6823-4267-A670-C41EED02D390}.Release|ARM.Build.0 = Release|ARM
		{85A20E06-6823-4267-A670-C41EED02D390}.Release|ARM.Deploy.0 = Release|ARM
		{85A20E06-6823-4267-A670-C41EED02D390}.Release|ARM64.ActiveCfg = Release|ARM64
		{85A20E06-6823-4267-A670-C41EED02D390}.Release|ARM64.Build.0 = Release|ARM64
		{85A20E06-6823-4267-A670-C41EED02D390}.Release|ARM64.Deploy.0 = Release|ARM64
		{85A20E06-6823-4267-A670-C41EED02D390}.Release|x64.ActiveCfg = Release|x64
		{85A20E06-6823-4267-A670-C41EED02D390}.Release|x64.Build.0 = Release|x64
		{85A20E06-6823-4267-A670-C41EED02D390}.Release|x64.Deploy.0 = Release|x64
		{85A20E06-6823-4267-A670-C41EED02D390}.Release|x86.ActiveCfg = Release|x86
		{85A20E06-6823-4267-A670-C41EED02D390}.Release|x86.Build.0 = Release|x86
		{85A20E06-6823-4267-A670-C41EED02D390}.Release|x86.Deploy.0 = Release|x86
	EndGlobalSection
	GlobalSection(SolutionProperties) = preSolution
		HideSolutionNode = FALSE
	EndGlobalSection
	GlobalSection(ExtensibilityGlobals) = postSolution
		SolutionGuid = {25D5E766-F42D-4D4E-8F7C-A9DFA6845EE0}
	EndGlobalSection
EndGlobal
