
Microsoft Visual Studio Solution File, Format Version 12.00
# Visual Studio 15
VisualStudioVersion = 15.0.28307.421
MinimumVisualStudioVersion = 10.0.40219.1
Project("{FAE04EC0-301F-11D3-BF4B-00C04F79EFBC}") = "UnibrewProject", "UnibrewProject\UnibrewProject.csproj", "{B51244FE-CADB-497D-B2A0-78AB4FF3751A}"
EndProject
Global
	GlobalSection(SolutionConfigurationPlatforms) = preSolution
		Debug|ARM = Debug|ARM
		Debug|ARM64 = Debug|ARM64
		Debug|x64 = Debug|x64
		Debug|x86 = Debug|x86
		Release|ARM = Release|ARM
		Release|ARM64 = Release|ARM64
		Release|x64 = Release|x64
		Release|x86 = Release|x86
	EndGlobalSection
	GlobalSection(ProjectConfigurationPlatforms) = postSolution
		{B51244FE-CADB-497D-B2A0-78AB4FF3751A}.Debug|ARM.ActiveCfg = Debug|ARM
		{B51244FE-CADB-497D-B2A0-78AB4FF3751A}.Debug|ARM.Build.0 = Debug|ARM
		{B51244FE-CADB-497D-B2A0-78AB4FF3751A}.Debug|ARM.Deploy.0 = Debug|ARM
		{B51244FE-CADB-497D-B2A0-78AB4FF3751A}.Debug|ARM64.ActiveCfg = Debug|ARM64
		{B51244FE-CADB-497D-B2A0-78AB4FF3751A}.Debug|ARM64.Build.0 = Debug|ARM64
		{B51244FE-CADB-497D-B2A0-78AB4FF3751A}.Debug|ARM64.Deploy.0 = Debug|ARM64
		{B51244FE-CADB-497D-B2A0-78AB4FF3751A}.Debug|x64.ActiveCfg = Debug|x64
		{B51244FE-CADB-497D-B2A0-78AB4FF3751A}.Debug|x64.Build.0 = Debug|x64
		{B51244FE-CADB-497D-B2A0-78AB4FF3751A}.Debug|x64.Deploy.0 = Debug|x64
		{B51244FE-CADB-497D-B2A0-78AB4FF3751A}.Debug|x86.ActiveCfg = Debug|x86
		{B51244FE-CADB-497D-B2A0-78AB4FF3751A}.Debug|x86.Build.0 = Debug|x86
		{B51244FE-CADB-497D-B2A0-78AB4FF3751A}.Debug|x86.Deploy.0 = Debug|x86
		{B51244FE-CADB-497D-B2A0-78AB4FF3751A}.Release|ARM.ActiveCfg = Release|ARM
		{B51244FE-CADB-497D-B2A0-78AB4FF3751A}.Release|ARM.Build.0 = Release|ARM
		{B51244FE-CADB-497D-B2A0-78AB4FF3751A}.Release|ARM.Deploy.0 = Release|ARM
		{B51244FE-CADB-497D-B2A0-78AB4FF3751A}.Release|ARM64.ActiveCfg = Release|ARM64
		{B51244FE-CADB-497D-B2A0-78AB4FF3751A}.Release|ARM64.Build.0 = Release|ARM64
		{B51244FE-CADB-497D-B2A0-78AB4FF3751A}.Release|ARM64.Deploy.0 = Release|ARM64
		{B51244FE-CADB-497D-B2A0-78AB4FF3751A}.Release|x64.ActiveCfg = Release|x64
		{B51244FE-CADB-497D-B2A0-78AB4FF3751A}.Release|x64.Build.0 = Release|x64
		{B51244FE-CADB-497D-B2A0-78AB4FF3751A}.Release|x64.Deploy.0 = Release|x64
		{B51244FE-CADB-497D-B2A0-78AB4FF3751A}.Release|x86.ActiveCfg = Release|x86
		{B51244FE-CADB-497D-B2A0-78AB4FF3751A}.Release|x86.Build.0 = Release|x86
		{B51244FE-CADB-497D-B2A0-78AB4FF3751A}.Release|x86.Deploy.0 = Release|x86
	EndGlobalSection
	GlobalSection(SolutionProperties) = preSolution
		HideSolutionNode = FALSE
	EndGlobalSection
	GlobalSection(ExtensibilityGlobals) = postSolution
		SolutionGuid = {25D5E766-F42D-4D4E-8F7C-A9DFA6845EE0}
	EndGlobalSection
EndGlobal
